// !$*UTF8*$!
{
	archiveVersion = 1;
	classes = {
	};
	objectVersion = 77;
	objects = {

/* Begin PBXBuildFile section */
		34704E322FECD82000C28688 /* Adaptive Fitness Coach Watch App.app in Embed Watch Content */ = {isa = PBXBuildFile; fileRef = 34704E312FECD82000C28688 /* Adaptive Fitness Coach Watch App.app */; settings = {ATTRIBUTES = (RemoveHeadersOnCopy, ); }; };
		34704E832FECDA6200C28688 /* WorkoutKit.framework in Frameworks */ = {isa = PBXBuildFile; fileRef = 34704E822FECDA6200C28688 /* WorkoutKit.framework */; };
		FACE000000000000000000C1 /* AdaptiveCore in Frameworks */ = {isa = PBXBuildFile; productRef = FACE000000000000000000B1 /* AdaptiveCore */; };
		FACE000000000000000000C2 /* AdaptiveCore in Frameworks */ = {isa = PBXBuildFile; productRef = FACE000000000000000000B2 /* AdaptiveCore */; };
		FACE000000000000000000C3 /* SwiftSoup in Frameworks */ = {isa = PBXBuildFile; productRef = FACE000000000000000000B3 /* SwiftSoup */; };
/* End PBXBuildFile section */

/* Begin PBXContainerItemProxy section */
		34704E1C2FECD82000C28688 /* PBXContainerItemProxy */ = {
			isa = PBXContainerItemProxy;
			containerPortal = 34704E062FECD81F00C28688 /* Project object */;
			proxyType = 1;
			remoteGlobalIDString = 34704E0D2FECD81F00C28688;
			remoteInfo = "Adaptive Fitness Coach";
		};
		34704E262FECD82000C28688 /* PBXContainerItemProxy */ = {
			isa = PBXContainerItemProxy;
			containerPortal = 34704E062FECD81F00C28688 /* Project object */;
			proxyType = 1;
			remoteGlobalIDString = 34704E0D2FECD81F00C28688;
			remoteInfo = "Adaptive Fitness Coach";
		};
		34704E332FECD82000C28688 /* PBXContainerItemProxy */ = {
			isa = PBXContainerItemProxy;
			containerPortal = 34704E062FECD81F00C28688 /* Project object */;
			proxyType = 1;
			remoteGlobalIDString = 34704E302FECD82000C28688;
			remoteInfo = "Adaptive Fitness Coach Watch App";
		};
		34704E412FECD82100C28688 /* PBXContainerItemProxy */ = {
			isa = PBXContainerItemProxy;
			containerPortal = 34704E062FECD81F00C28688 /* Project object */;
			proxyType = 1;
			remoteGlobalIDString = 34704E302FECD82000C28688;
			remoteInfo = "Adaptive Fitness Coach Watch App";
		};
		34704E4B2FECD82100C28688 /* PBXContainerItemProxy */ = {
			isa = PBXContainerItemProxy;
			containerPortal = 34704E062FECD81F00C28688 /* Project object */;
			proxyType = 1;
			remoteGlobalIDString = 34704E302FECD82000C28688;
			remoteInfo = "Adaptive Fitness Coach Watch App";
		};
/* End PBXContainerItemProxy section */

/* Begin PBXCopyFilesBuildPhase section */
		34704E572FECD82100C28688 /* Embed Watch Content */ = {
			isa = PBXCopyFilesBuildPhase;
			buildActionMask = 2147483647;
			dstPath = "$(CONTENTS_FOLDER_PATH)/Watch";
			dstSubfolderSpec = 16;
			files = (
				34704E322FECD82000C28688 /* Adaptive Fitness Coach Watch App.app in Embed Watch Content */,
			);
			name = "Embed Watch Content";
			runOnlyForDeploymentPostprocessing = 0;
		};
/* End PBXCopyFilesBuildPhase section */

/* Begin PBXFileReference section */
		34704E0E2FECD81F00C28688 /* Adaptive Fitness Coach.app */ = {isa = PBXFileReference; explicitFileType = wrapper.application; includeInIndex = 0; path = "Adaptive Fitness Coach.app"; sourceTree = BUILT_PRODUCTS_DIR; };
		34704E1B2FECD82000C28688 /* Adaptive Fitness CoachTests.xctest */ = {isa = PBXFileReference; explicitFileType = wrapper.cfbundle; includeInIndex = 0; path = "Adaptive Fitness CoachTests.xctest"; sourceTree = BUILT_PRODUCTS_DIR; };
		34704E252FECD82000C28688 /* Adaptive Fitness CoachUITests.xctest */ = {isa = PBXFileReference; explicitFileType = wrapper.cfbundle; includeInIndex = 0; path = "Adaptive Fitness CoachUITests.xctest"; sourceTree = BUILT_PRODUCTS_DIR; };
		34704E312FECD82000C28688 /* Adaptive Fitness Coach Watch App.app */ = {isa = PBXFileReference; explicitFileType = wrapper.application; includeInIndex = 0; path = "Adaptive Fitness Coach Watch App.app"; sourceTree = BUILT_PRODUCTS_DIR; };
		34704E402FECD82100C28688 /* Adaptive Fitness Coach Watch AppTests.xctest */ = {isa = PBXFileReference; explicitFileType = wrapper.cfbundle; includeInIndex = 0; path = "Adaptive Fitness Coach Watch AppTests.xctest"; sourceTree = BUILT_PRODUCTS_DIR; };
		34704E4A2FECD82100C28688 /* Adaptive Fitness Coach Watch AppUITests.xctest */ = {isa = PBXFileReference; explicitFileType = wrapper.cfbundle; includeInIndex = 0; path = "Adaptive Fitness Coach Watch AppUITests.xctest"; sourceTree = BUILT_PRODUCTS_DIR; };
		34704E822FECDA6200C28688 /* WorkoutKit.framework */ = {isa = PBXFileReference; lastKnownFileType = wrapper.framework; name = WorkoutKit.framework; path = Platforms/WatchOS.platform/Developer/SDKs/WatchOS26.5.sdk/System/Library/Frameworks/WorkoutKit.framework; sourceTree = DEVELOPER_DIR; };
/* End PBXFileReference section */

/* Begin PBXFileSystemSynchronizedBuildFileExceptionSet section */
		FACE000000000000000000E1 /* Exceptions for "Adaptive Fitness Coach Watch App" folder in "Adaptive Fitness Coach Watch App" target */ = {
			isa = PBXFileSystemSynchronizedBuildFileExceptionSet;
			membershipExceptions = (
				Info.plist,
			);
			target = 34704E302FECD82000C28688 /* Adaptive Fitness Coach Watch App */;
		};
/* End PBXFileSystemSynchronizedBuildFileExceptionSet section */

/* Begin PBXFileSystemSynchronizedRootGroup section */
		34704E102FECD81F00C28688 /* Adaptive Fitness Coach */ = {
			isa = PBXFileSystemSynchronizedRootGroup;
			path = "Adaptive Fitness Coach";
			sourceTree = "<group>";
		};
		34704E1E2FECD82000C28688 /* Adaptive Fitness CoachTests */ = {
			isa = PBXFileSystemSynchronizedRootGroup;
			path = "Adaptive Fitness CoachTests";
			sourceTree = "<group>";
		};
		34704E282FECD82000C28688 /* Adaptive Fitness CoachUITests */ = {
			isa = PBXFileSystemSynchronizedRootGroup;
			path = "Adaptive Fitness CoachUITests";
			sourceTree = "<group>";
		};
		34704E352FECD82000C28688 /* Adaptive Fitness Coach Watch App */ = {
			isa = PBXFileSystemSynchronizedRootGroup;
			exceptions = (
				FACE000000000000000000E1 /* Exceptions for "Adaptive Fitness Coach Watch App" folder in "Adaptive Fitness Coach Watch App" target */,
			);
			path = "Adaptive Fitness Coach Watch App";
			sourceTree = "<group>";
		};
		34704E432FECD82100C28688 /* Adaptive Fitness Coach Watch AppTests */ = {
			isa = PBXFileSystemSynchronizedRootGroup;
			path = "Adaptive Fitness Coach Watch AppTests";
			sourceTree = "<group>";
		};
		34704E4D2FECD82100C28688 /* Adaptive Fitness Coach Watch AppUITests */ = {
			isa = PBXFileSystemSynchronizedRootGroup;
			path = "Adaptive Fitness Coach Watch AppUITests";
			sourceTree = "<group>";
		};
/* End PBXFileSystemSynchronizedRootGroup section */

/* Begin PBXFrameworksBuildPhase section */
		34704E0B2FECD81F00C28688 /* Frameworks */ = {
			isa = PBXFrameworksBuildPhase;
			buildActionMask = 2147483647;
			files = (
				FACE000000000000000000C1 /* AdaptiveCore in Frameworks */,
				FACE000000000000000000C3 /* SwiftSoup in Frameworks */,
			);
			runOnlyForDeploymentPostprocessing = 0;
		};
		34704E182FECD82000C28688 /* Frameworks */ = {
			isa = PBXFrameworksBuildPhase;
			buildActionMask = 2147483647;
			files = (
			);
			runOnlyForDeploymentPostprocessing = 0;
		};
		34704E222FECD82000C28688 /* Frameworks */ = {
			isa = PBXFrameworksBuildPhase;
			buildActionMask = 2147483647;
			files = (
			);
			runOnlyForDeploymentPostprocessing = 0;
		};
		34704E2E2FECD82000C28688 /* Frameworks */ = {
			isa = PBXFrameworksBuildPhase;
			buildActionMask = 2147483647;
			files = (
				34704E832FECDA6200C28688 /* WorkoutKit.framework in Frameworks */,
				FACE000000000000000000C2 /* AdaptiveCore in Frameworks */,
			);
			runOnlyForDeploymentPostprocessing = 0;
		};
		34704E3D2FECD82100C28688 /* Frameworks */ = {
			isa = PBXFrameworksBuildPhase;
			buildActionMask = 2147483647;
			files = (
			);
			runOnlyForDeploymentPostprocessing = 0;
		};
		34704E472FECD82100C28688 /* Frameworks */ = {
			isa = PBXFrameworksBuildPhase;
			buildActionMask = 2147483647;
			files = (
			);
			runOnlyForDeploymentPostprocessing = 0;
		};
/* End PBXFrameworksBuildPhase section */

/* Begin PBXGroup section */
		34704E052FECD81F00C28688 = {
			isa = PBXGroup;
			children = (
				34704E102FECD81F00C28688 /* Adaptive Fitness Coach */,
				34704E1E2FECD82000C28688 /* Adaptive Fitness CoachTests */,
				34704E282FECD82000C28688 /* Adaptive Fitness CoachUITests */,
				34704E352FECD82000C28688 /* Adaptive Fitness Coach Watch App */,
				34704E432FECD82100C28688 /* Adaptive Fitness Coach Watch AppTests */,
				34704E4D2FECD82100C28688 /* Adaptive Fitness Coach Watch AppUITests */,
				34704E812FECDA6200C28688 /* Frameworks */,
				34704E0F2FECD81F00C28688 /* Products */,
			);
			sourceTree = "<group>";
		};
		34704E0F2FECD81F00C28688 /* Products */ = {
			isa = PBXGroup;
			children = (
				34704E0E2FECD81F00C28688 /* Adaptive Fitness Coach.app */,
				34704E1B2FECD82000C28688 /* Adaptive Fitness CoachTests.xctest */,
				34704E252FECD82000C28688 /* Adaptive Fitness CoachUITests.xctest */,
				34704E312FECD82000C28688 /* Adaptive Fitness Coach Watch App.app */,
				34704E402FECD82100C28688 /* Adaptive Fitness Coach Watch AppTests.xctest */,
				34704E4A2FECD82100C28688 /* Adaptive Fitness Coach Watch AppUITests.xctest */,
			);
			name = Products;
			sourceTree = "<group>";
		};
		34704E812FECDA6200C28688 /* Frameworks */ = {
			isa = PBXGroup;
			children = (
				34704E822FECDA6200C28688 /* WorkoutKit.framework */,
			);
			name = Frameworks;
			sourceTree = "<group>";
		};
/* End PBXGroup section */

/* Begin PBXNativeTarget section */
		34704E0D2FECD81F00C28688 /* Adaptive Fitness Coach */ = {
			isa = PBXNativeTarget;
			buildConfigurationList = 34704E582FECD82100C28688 /* Build configuration list for PBXNativeTarget "Adaptive Fitness Coach" */;
			buildPhases = (
				34704E0A2FECD81F00C28688 /* Sources */,
				34704E0B2FECD81F00C28688 /* Frameworks */,
				34704E0C2FECD81F00C28688 /* Resources */,
				34704E572FECD82100C28688 /* Embed Watch Content */,
			);
			buildRules = (
			);
			dependencies = (
				34704E342FECD82000C28688 /* PBXTargetDependency */,
			);
			fileSystemSynchronizedGroups = (
				34704E102FECD81F00C28688 /* Adaptive Fitness Coach */,
			);
			name = "Adaptive Fitness Coach";
			packageProductDependencies = (
				FACE000000000000000000B1 /* AdaptiveCore */,
				FACE000000000000000000B3 /* SwiftSoup */,
			);
			productName = "Adaptive Fitness Coach";
			productReference = 34704E0E2FECD81F00C28688 /* Adaptive Fitness Coach.app */;
			productType = "com.apple.product-type.application";
		};
		34704E1A2FECD82000C28688 /* Adaptive Fitness CoachTests */ = {
			isa = PBXNativeTarget;
			buildConfigurationList = 34704E5B2FECD82100C28688 /* Build configuration list for PBXNativeTarget "Adaptive Fitness CoachTests" */;
			buildPhases = (
				34704E172FECD82000C28688 /* Sources */,
				34704E182FECD82000C28688 /* Frameworks */,
				34704E192FECD82000C28688 /* Resources */,
			);
			buildRules = (
			);
			dependencies = (
				34704E1D2FECD82000C28688 /* PBXTargetDependency */,
			);
			fileSystemSynchronizedGroups = (
				34704E1E2FECD82000C28688 /* Adaptive Fitness CoachTests */,
			);
			name = "Adaptive Fitness CoachTests";
			packageProductDependencies = (
			);
			productName = "Adaptive Fitness CoachTests";
			productReference = 34704E1B2FECD82000C28688 /* Adaptive Fitness CoachTests.xctest */;
			productType = "com.apple.product-type.bundle.unit-test";
		};
		34704E242FECD82000C28688 /* Adaptive Fitness CoachUITests */ = {
			isa = PBXNativeTarget;
			buildConfigurationList = 34704E5E2FECD82100C28688 /* Build configuration list for PBXNativeTarget "Adaptive Fitness CoachUITests" */;
			buildPhases = (
				34704E212FECD82000C28688 /* Sources */,
				34704E222FECD82000C28688 /* Frameworks */,
				34704E232FECD82000C28688 /* Resources */,
			);
			buildRules = (
			);
			dependencies = (
				34704E272FECD82000C28688 /* PBXTargetDependency */,
			);
			fileSystemSynchronizedGroups = (
				34704E282FECD82000C28688 /* Adaptive Fitness CoachUITests */,
			);
			name = "Adaptive Fitness CoachUITests";
			packageProductDependencies = (
			);
			productName = "Adaptive Fitness CoachUITests";
			productReference = 34704E252FECD82000C28688 /* Adaptive Fitness CoachUITests.xctest */;
			productType = "com.apple.product-type.bundle.ui-testing";
		};
		34704E302FECD82000C28688 /* Adaptive Fitness Coach Watch App */ = {
			isa = PBXNativeTarget;
			buildConfigurationList = 34704E542FECD82100C28688 /* Build configuration list for PBXNativeTarget "Adaptive Fitness Coach Watch App" */;
			buildPhases = (
				34704E2D2FECD82000C28688 /* Sources */,
				34704E2E2FECD82000C28688 /* Frameworks */,
				34704E2F2FECD82000C28688 /* Resources */,
			);
			buildRules = (
			);
			dependencies = (
			);
			fileSystemSynchronizedGroups = (
				34704E352FECD82000C28688 /* Adaptive Fitness Coach Watch App */,
			);
			name = "Adaptive Fitness Coach Watch App";
			packageProductDependencies = (
				FACE000000000000000000B2 /* AdaptiveCore */,
			);
			productName = "Adaptive Fitness Coach Watch App";
			productReference = 34704E312FECD82000C28688 /* Adaptive Fitness Coach Watch App.app */;
			productType = "com.apple.product-type.application";
		};
		34704E3F2FECD82100C28688 /* Adaptive Fitness Coach Watch AppTests */ = {
			isa = PBXNativeTarget;
			buildConfigurationList = 34704E612FECD82100C28688 /* Build configuration list for PBXNativeTarget "Adaptive Fitness Coach Watch AppTests" */;
			buildPhases = (
				34704E3C2FECD82100C28688 /* Sources */,
				34704E3D2FECD82100C28688 /* Frameworks */,
				34704E3E2FECD82100C28688 /* Resources */,
			);
			buildRules = (
			);
			dependencies = (
				34704E422FECD82100C28688 /* PBXTargetDependency */,
			);
			fileSystemSynchronizedGroups = (
				34704E432FECD82100C28688 /* Adaptive Fitness Coach Watch AppTests */,
			);
			name = "Adaptive Fitness Coach Watch AppTests";
			packageProductDependencies = (
			);
			productName = "Adaptive Fitness Coach Watch AppTests";
			productReference = 34704E402FECD82100C28688 /* Adaptive Fitness Coach Watch AppTests.xctest */;
			productType = "com.apple.product-type.bundle.unit-test";
		};
		34704E492FECD82100C28688 /* Adaptive Fitness Coach Watch AppUITests */ = {
			isa = PBXNativeTarget;
			buildConfigurationList = 34704E642FECD82100C28688 /* Build configuration list for PBXNativeTarget "Adaptive Fitness Coach Watch AppUITests" */;
			buildPhases = (
				34704E462FECD82100C28688 /* Sources */,
				34704E472FECD82100C28688 /* Frameworks */,
				34704E482FECD82100C28688 /* Resources */,
			);
			buildRules = (
			);
			dependencies = (
				34704E4C2FECD82100C28688 /* PBXTargetDependency */,
			);
			fileSystemSynchronizedGroups = (
				34704E4D2FECD82100C28688 /* Adaptive Fitness Coach Watch AppUITests */,
			);
			name = "Adaptive Fitness Coach Watch AppUITests";
			packageProductDependencies = (
			);
			productName = "Adaptive Fitness Coach Watch AppUITests";
			productReference = 34704E4A2FECD82100C28688 /* Adaptive Fitness Coach Watch AppUITests.xctest */;
			productType = "com.apple.product-type.bundle.ui-testing";
		};
/* End PBXNativeTarget section */

/* Begin PBXProject section */
		34704E062FECD81F00C28688 /* Project object */ = {
			isa = PBXProject;
			attributes = {
				BuildIndependentTargetsInParallel = 1;
				LastSwiftUpdateCheck = 2650;
				LastUpgradeCheck = 2650;
				TargetAttributes = {
					34704E0D2FECD81F00C28688 = {
						CreatedOnToolsVersion = 26.5;
					};
					34704E1A2FECD82000C28688 = {
						CreatedOnToolsVersion = 26.5;
						TestTargetID = 34704E0D2FECD81F00C28688;
					};
					34704E242FECD82000C28688 = {
						CreatedOnToolsVersion = 26.5;
						TestTargetID = 34704E0D2FECD81F00C28688;
					};
					34704E302FECD82000C28688 = {
						CreatedOnToolsVersion = 26.5;
					};
					34704E3F2FECD82100C28688 = {
						CreatedOnToolsVersion = 26.5;
						TestTargetID = 34704E302FECD82000C28688;
					};
					34704E492FECD82100C28688 = {
						CreatedOnToolsVersion = 26.5;
						TestTargetID = 34704E302FECD82000C28688;
					};
				};
			};
			buildConfigurationList = 34704E092FECD81F00C28688 /* Build configuration list for PBXProject "Adaptive Fitness Coach" */;
			developmentRegion = en;
			hasScannedForEncodings = 0;
			knownRegions = (
				en,
				Base,
			);
			mainGroup = 34704E052FECD81F00C28688;
			minimizedProjectReferenceProxies = 1;
			packageReferences = (
				FACE000000000000000000A1 /* XCLocalSwiftPackageReference "AdaptiveCore" */,
				FACE000000000000000000A2 /* XCRemoteSwiftPackageReference "SwiftSoup" */,
			);
			preferredProjectObjectVersion = 77;
			productRefGroup = 34704E0F2FECD81F00C28688 /* Products */;
			projectDirPath = "";
			projectRoot = "";
			targets = (
				34704E0D2FECD81F00C28688 /* Adaptive Fitness Coach */,
				34704E1A2FECD82000C28688 /* Adaptive Fitness CoachTests */,
				34704E242FECD82000C28688 /* Adaptive Fitness CoachUITests */,
				34704E302FECD82000C28688 /* Adaptive Fitness Coach Watch App */,
				34704E3F2FECD82100C28688 /* Adaptive Fitness Coach Watch AppTests */,
				34704E492FECD82100C28688 /* Adaptive Fitness Coach Watch AppUITests */,
			);
		};
/* End PBXProject section */

/* Begin PBXResourcesBuildPhase section */
		34704E0C2FECD81F00C28688 /* Resources */ = {
			isa = PBXResourcesBuildPhase;
			buildActionMask = 2147483647;
			files = (
			);
			runOnlyForDeploymentPostprocessing = 0;
		};
		34704E192FECD82000C28688 /* Resources */ = {
			isa = PBXResourcesBuildPhase;
			buildActionMask = 2147483647;
			files = (
			);
			runOnlyForDeploymentPostprocessing = 0;
		};
		34704E232FECD82000C28688 /* Resources */ = {
			isa = PBXResourcesBuildPhase;
			buildActionMask = 2147483647;
			files = (
			);
			runOnlyForDeploymentPostprocessing = 0;
		};
		34704E2F2FECD82000C28688 /* Resources */ = {
			isa = PBXResourcesBuildPhase;
			buildActionMask = 2147483647;
			files = (
			);
			runOnlyForDeploymentPostprocessing = 0;
		};
		34704E3E2FECD82100C28688 /* Resources */ = {
			isa = PBXResourcesBuildPhase;
			buildActionMask = 2147483647;
			files = (
			);
			runOnlyForDeploymentPostprocessing = 0;
		};
		34704E482FECD82100C28688 /* Resources */ = {
			isa = PBXResourcesBuildPhase;
			buildActionMask = 2147483647;
			files = (
			);
			runOnlyForDeploymentPostprocessing = 0;
		};
/* End PBXResourcesBuildPhase section */

/* Begin PBXSourcesBuildPhase section */
		34704E0A2FECD81F00C28688 /* Sources */ = {
			isa = PBXSourcesBuildPhase;
			buildActionMask = 2147483647;
			files = (
			);
			runOnlyForDeploymentPostprocessing = 0;
		};
		34704E172FECD82000C28688 /* Sources */ = {
			isa = PBXSourcesBuildPhase;
			buildActionMask = 2147483647;
			files = (
			);
			runOnlyForDeploymentPostprocessing = 0;
		};
		34704E212FECD82000C28688 /* Sources */ = {
			isa = PBXSourcesBuildPhase;
			buildActionMask = 2147483647;
			files = (
			);
			runOnlyForDeploymentPostprocessing = 0;
		};
		34704E2D2FECD82000C28688 /* Sources */ = {
			isa = PBXSourcesBuildPhase;
			buildActionMask = 2147483647;
			files = (
			);
			runOnlyForDeploymentPostprocessing = 0;
		};
		34704E3C2FECD82100C28688 /* Sources */ = {
			isa = PBXSourcesBuildPhase;
			buildActionMask = 2147483647;
			files = (
			);
			runOnlyForDeploymentPostprocessing = 0;
		};
		34704E462FECD82100C28688 /* Sources */ = {
			isa = PBXSourcesBuildPhase;
			buildActionMask = 2147483647;
			files = (
			);
			runOnlyForDeploymentPostprocessing = 0;
		};
/* End PBXSourcesBuildPhase section */

/* Begin PBXTargetDependency section */
		34704E1D2FECD82000C28688 /* PBXTargetDependency */ = {
			isa = PBXTargetDependency;
			target = 34704E0D2FECD81F00C28688 /* Adaptive Fitness Coach */;
			targetProxy = 34704E1C2FECD82000C28688 /* PBXContainerItemProxy */;
		};
		34704E272FECD82000C28688 /* PBXTargetDependency */ = {
			isa = PBXTargetDependency;
			target = 34704E0D2FECD81F00C28688 /* Adaptive Fitness Coach */;
			targetProxy = 34704E262FECD82000C28688 /* PBXContainerItemProxy */;
		};
		34704E342FECD82000C28688 /* PBXTargetDependency */ = {
			isa = PBXTargetDependency;
			target = 34704E302FECD82000C28688 /* Adaptive Fitness Coach Watch App */;
			targetProxy = 34704E332FECD82000C28688 /* PBXContainerItemProxy */;
		};
		34704E422FECD82100C28688 /* PBXTargetDependency */ = {
			isa = PBXTargetDependency;
			target = 34704E302FECD82000C28688 /* Adaptive Fitness Coach Watch App */;
			targetProxy = 34704E412FECD82100C28688 /* PBXContainerItemProxy */;
		};
		34704E4C2FECD82100C28688 /* PBXTargetDependency */ = {
			isa = PBXTargetDependency;
			target = 34704E302FECD82000C28688 /* Adaptive Fitness Coach Watch App */;
			targetProxy = 34704E4B2FECD82100C28688 /* PBXContainerItemProxy */;
		};
/* End PBXTargetDependency section */

/* Begin XCBuildConfiguration section */
		34704E522FECD82100C28688 /* Debug */ = {
			isa = XCBuildConfiguration;
			buildSettings = {
				ALWAYS_SEARCH_USER_PATHS = NO;
				ASSETCATALOG_COMPILER_GENERATE_SWIFT_ASSET_SYMBOL_EXTENSIONS = YES;
				CLANG_ANALYZER_NONNULL = YES;
				CLANG_ANALYZER_NUMBER_OBJECT_CONVERSION = YES_AGGRESSIVE;
				CLANG_CXX_LANGUAGE_STANDARD = "gnu++20";
				CLANG_ENABLE_MODULES = YES;
				CLANG_ENABLE_OBJC_ARC = YES;
				CLANG_ENABLE_OBJC_WEAK = YES;
				CLANG_WARN_BLOCK_CAPTURE_AUTORELEASING = YES;
				CLANG_WARN_BOOL_CONVERSION = YES;
				CLANG_WARN_COMMA = YES;
				CLANG_WARN_CONSTANT_CONVERSION = YES;
				CLANG_WARN_DEPRECATED_OBJC_IMPLEMENTATIONS = YES;
				CLANG_WARN_DIRECT_OBJC_ISA_USAGE = YES_ERROR;
				CLANG_WARN_DOCUMENTATION_COMMENTS = YES;
				CLANG_WARN_EMPTY_BODY = YES;
				CLANG_WARN_ENUM_CONVERSION = YES;
				CLANG_WARN_INFINITE_RECURSION = YES;
				CLANG_WARN_INT_CONVERSION = YES;
				CLANG_WARN_NON_LITERAL_NULL_CONVERSION = YES;
				CLANG_WARN_OBJC_IMPLICIT_RETAIN_SELF = YES;
				CLANG_WARN_OBJC_LITERAL_CONVERSION = YES;
				CLANG_WARN_OBJC_ROOT_CLASS = YES_ERROR;
				CLANG_WARN_QUOTED_INCLUDE_IN_FRAMEWORK_HEADER = YES;
				CLANG_WARN_RANGE_LOOP_ANALYSIS = YES;
				CLANG_WARN_STRICT_PROTOTYPES = YES;
				CLANG_WARN_SUSPICIOUS_MOVE = YES;
				CLANG_WARN_UNGUARDED_AVAILABILITY = YES_AGGRESSIVE;
				CLANG_WARN_UNREACHABLE_CODE = YES;
				CLANG_WARN__DUPLICATE_METHOD_MATCH = YES;
				COPY_PHASE_STRIP = NO;
				DEBUG_INFORMATION_FORMAT = dwarf;
				DEVELOPMENT_TEAM = 7542Q96HNF;
				ENABLE_STRICT_OBJC_MSGSEND = YES;
				ENABLE_TESTABILITY = YES;
				ENABLE_USER_SCRIPT_SANDBOXING = YES;
				GCC_C_LANGUAGE_STANDARD = gnu17;
				GCC_DYNAMIC_NO_PIC = NO;
				GCC_NO_COMMON_BLOCKS = YES;
				GCC_OPTIMIZATION_LEVEL = 0;
				GCC_PREPROCESSOR_DEFINITIONS = (
					"DEBUG=1",
					"$(inherited)",
				);
				GCC_WARN_64_TO_32_BIT_CONVERSION = YES;
				GCC_WARN_ABOUT_RETURN_TYPE = YES_ERROR;
				GCC_WARN_UNDECLARED_SELECTOR = YES;
				GCC_WARN_UNINITIALIZED_AUTOS = YES_AGGRESSIVE;
				GCC_WARN_UNUSED_FUNCTION = YES;
				GCC_WARN_UNUSED_VARIABLE = YES;
				LOCALIZATION_PREFERS_STRING_CATALOGS = YES;
				MTL_ENABLE_DEBUG_INFO = INCLUDE_SOURCE;
				MTL_FAST_MATH = YES;
				ONLY_ACTIVE_ARCH = YES;
				SWIFT_ACTIVE_COMPILATION_CONDITIONS = "DEBUG $(inherited)";
				SWIFT_OPTIMIZATION_LEVEL = "-Onone";
			};
			name = Debug;
		};
		34704E532FECD82100C28688 /* Release */ = {
			isa = XCBuildConfiguration;
			buildSettings = {
				ALWAYS_SEARCH_USER_PATHS = NO;
				ASSETCATALOG_COMPILER_GENERATE_SWIFT_ASSET_SYMBOL_EXTENSIONS = YES;
				CLANG_ANALYZER_NONNULL = YES;
				CLANG_ANALYZER_NUMBER_OBJECT_CONVERSION = YES_AGGRESSIVE;
				CLANG_CXX_LANGUAGE_STANDARD = "gnu++20";
				CLANG_ENABLE_MODULES = YES;
				CLANG_ENABLE_OBJC_ARC = YES;
				CLANG_ENABLE_OBJC_WEAK = YES;
				CLANG_WARN_BLOCK_CAPTURE_AUTORELEASING = YES;
				CLANG_WARN_BOOL_CONVERSION = YES;
				CLANG_WARN_COMMA = YES;
				CLANG_WARN_CONSTANT_CONVERSION = YES;
				CLANG_WARN_DEPRECATED_OBJC_IMPLEMENTATIONS = YES;
				CLANG_WARN_DIRECT_OBJC_ISA_USAGE = YES_ERROR;
				CLANG_WARN_DOCUMENTATION_COMMENTS = YES;
				CLANG_WARN_EMPTY_BODY = YES;
				CLANG_WARN_ENUM_CONVERSION = YES;
				CLANG_WARN_INFINITE_RECURSION = YES;
				CLANG_WARN_INT_CONVERSION = YES;
				CLANG_WARN_NON_LITERAL_NULL_CONVERSION = YES;
				CLANG_WARN_OBJC_IMPLICIT_RETAIN_SELF = YES;
				CLANG_WARN_OBJC_LITERAL_CONVERSION = YES;
				CLANG_WARN_OBJC_ROOT_CLASS = YES_ERROR;
				CLANG_WARN_QUOTED_INCLUDE_IN_FRAMEWORK_HEADER = YES;
				CLANG_WARN_RANGE_LOOP_ANALYSIS = YES;
				CLANG_WARN_STRICT_PROTOTYPES = YES;
				CLANG_WARN_SUSPICIOUS_MOVE = YES;
				CLANG_WARN_UNGUARDED_AVAILABILITY = YES_AGGRESSIVE;
				CLANG_WARN_UNREACHABLE_CODE = YES;
				CLANG_WARN__DUPLICATE_METHOD_MATCH = YES;
				COPY_PHASE_STRIP = NO;
				DEBUG_INFORMATION_FORMAT = "dwarf-with-dsym";
				DEVELOPMENT_TEAM = 7542Q96HNF;
				ENABLE_NS_ASSERTIONS = NO;
				ENABLE_STRICT_OBJC_MSGSEND = YES;
				ENABLE_USER_SCRIPT_SANDBOXING = YES;
				GCC_C_LANGUAGE_STANDARD = gnu17;
				GCC_NO_COMMON_BLOCKS = YES;
				GCC_WARN_64_TO_32_BIT_CONVERSION = YES;
				GCC_WARN_ABOUT_RETURN_TYPE = YES_ERROR;
				GCC_WARN_UNDECLARED_SELECTOR = YES;
				GCC_WARN_UNINITIALIZED_AUTOS = YES_AGGRESSIVE;
				GCC_WARN_UNUSED_FUNCTION = YES;
				GCC_WARN_UNUSED_VARIABLE = YES;
				LOCALIZATION_PREFERS_STRING_CATALOGS = YES;
				MTL_ENABLE_DEBUG_INFO = NO;
				MTL_FAST_MATH = YES;
				SWIFT_COMPILATION_MODE = wholemodule;
			};
			name = Release;
		};
		34704E552FECD82100C28688 /* Debug */ = {
			isa = XCBuildConfiguration;
			buildSettings = {
				ASSETCATALOG_COMPILER_APPICON_NAME = AppIcon;
				ASSETCATALOG_COMPILER_GLOBAL_ACCENT_COLOR_NAME = AccentColor;
				CODE_SIGN_ENTITLEMENTS = "Adaptive Fitness Coach Watch App/Adaptive Fitness Coach Watch App.entitlements";
				CODE_SIGN_STYLE = Automatic;
				CURRENT_PROJECT_VERSION = 7;
				ENABLE_PREVIEWS = YES;
				GENERATE_INFOPLIST_FILE = YES;
				INFOPLIST_FILE = "Adaptive Fitness Coach Watch App/Info.plist";
				INFOPLIST_KEY_CFBundleDisplayName = "Adaptive Fitness Coach";
				INFOPLIST_KEY_ITSAppUsesNonExemptEncryption = NO;
				INFOPLIST_KEY_NSHealthShareUsageDescription = "Adaptive Fitness Coach reads your heart rate during a workout to keep you in the right effort zone and adjust your run/walk intervals automatically.";
				INFOPLIST_KEY_NSHealthUpdateUsageDescription = "Adaptive Fitness Coach saves each session to Apple Health as a native workout.";
				INFOPLIST_KEY_UISupportedInterfaceOrientations = "UIInterfaceOrientationPortrait UIInterfaceOrientationPortraitUpsideDown";
				INFOPLIST_KEY_WKCompanionAppBundleIdentifier = "com.memerson.Adaptive-Fitness-Coach";
				LD_RUNPATH_SEARCH_PATHS = (
					"$(inherited)",
					"@executable_path/Frameworks",
				);
				MARKETING_VERSION = 1.0;
				PRODUCT_BUNDLE_IDENTIFIER = "com.memerson.Adaptive-Fitness-Coach.watchkitapp";
				PRODUCT_NAME = "$(TARGET_NAME)";
				SDKROOT = watchos;
				SKIP_INSTALL = YES;
				STRING_CATALOG_GENERATE_SYMBOLS = YES;
				SWIFT_APPROACHABLE_CONCURRENCY = YES;
				SWIFT_DEFAULT_ACTOR_ISOLATION = MainActor;
				SWIFT_EMIT_LOC_STRINGS = YES;
				SWIFT_UPCOMING_FEATURE_MEMBER_IMPORT_VISIBILITY = YES;
				SWIFT_VERSION = 5.0;
				TARGETED_DEVICE_FAMILY = 4;
				WATCHOS_DEPLOYMENT_TARGET = 27.0;
			};
			name = Debug;
		};
		34704E562FECD82100C28688 /* Release */ = {
			isa = XCBuildConfiguration;
			buildSettings = {
				ASSETCATALOG_COMPILER_APPICON_NAME = AppIcon;
				ASSETCATALOG_COMPILER_GLOBAL_ACCENT_COLOR_NAME = AccentColor;
				CODE_SIGN_ENTITLEMENTS = "Adaptive Fitness Coach Watch App/Adaptive Fitness Coach Watch App.entitlements";
				CODE_SIGN_STYLE = Automatic;
				CURRENT_PROJECT_VERSION = 7;
				ENABLE_PREVIEWS = YES;
				GENERATE_INFOPLIST_FILE = YES;
				INFOPLIST_FILE = "Adaptive Fitness Coach Watch App/Info.plist";
				INFOPLIST_KEY_CFBundleDisplayName = "Adaptive Fitness Coach";
				INFOPLIST_KEY_ITSAppUsesNonExemptEncryption = NO;
				INFOPLIST_KEY_NSHealthShareUsageDescription = "Adaptive Fitness Coach reads your heart rate during a workout to keep you in the right effort zone and adjust your run/walk intervals automatically.";
				INFOPLIST_KEY_NSHealthUpdateUsageDescription = "Adaptive Fitness Coach saves each session to Apple Health as a native workout.";
				INFOPLIST_KEY_UISupportedInterfaceOrientations = "UIInterfaceOrientationPortrait UIInterfaceOrientationPortraitUpsideDown";
				INFOPLIST_KEY_WKCompanionAppBundleIdentifier = "com.memerson.Adaptive-Fitness-Coach";
				LD_RUNPATH_SEARCH_PATHS = (
					"$(inherited)",
					"@executable_path/Frameworks",
				);
				MARKETING_VERSION = 1.0;
				PRODUCT_BUNDLE_IDENTIFIER = "com.memerson.Adaptive-Fitness-Coach.watchkitapp";
				PRODUCT_NAME = "$(TARGET_NAME)";
				SDKROOT = watchos;
				SKIP_INSTALL = YES;
				STRING_CATALOG_GENERATE_SYMBOLS = YES;
				SWIFT_APPROACHABLE_CONCURRENCY = YES;
				SWIFT_DEFAULT_ACTOR_ISOLATION = MainActor;
				SWIFT_EMIT_LOC_STRINGS = YES;
				SWIFT_UPCOMING_FEATURE_MEMBER_IMPORT_VISIBILITY = YES;
				SWIFT_VERSION = 5.0;
				TARGETED_DEVICE_FAMILY = 4;
				VALIDATE_PRODUCT = YES;
				WATCHOS_DEPLOYMENT_TARGET = 27.0;
			};
			name = Release;
		};
		34704E592FECD82100C28688 /* Debug */ = {
			isa = XCBuildConfiguration;
			buildSettings = {
				ASSETCATALOG_COMPILER_APPICON_NAME = AppIcon;
				ASSETCATALOG_COMPILER_GLOBAL_ACCENT_COLOR_NAME = AccentColor;
				CODE_SIGN_ENTITLEMENTS = "Adaptive Fitness Coach/Adaptive Fitness Coach.entitlements";
				CODE_SIGN_STYLE = Automatic;
				CURRENT_PROJECT_VERSION = 7;
				ENABLE_PREVIEWS = YES;
				GENERATE_INFOPLIST_FILE = YES;
				INFOPLIST_KEY_CFBundleDisplayName = "Adaptive Fitness Coach";
				INFOPLIST_KEY_ITSAppUsesNonExemptEncryption = NO;
				INFOPLIST_KEY_NSCalendarsFullAccessUsageDescription = "Adaptive Fitness Coach adds your scheduled runs to your calendar so they show up at the time you chose.";
				INFOPLIST_KEY_NSCameraUsageDescription = "The camera scans receipts, barcodes, and nutrition labels so meals log in seconds.";
				INFOPLIST_KEY_NSHealthShareUsageDescription = "Reads today's logged meals from Apple Health to show your daily intake.";
				INFOPLIST_KEY_NSHealthUpdateUsageDescription = "Saves meals you log to Apple Health as dietary energy and macros.";
				INFOPLIST_KEY_UIApplicationSceneManifest_Generation = YES;
				INFOPLIST_KEY_UIApplicationSupportsIndirectInputEvents = YES;
				INFOPLIST_KEY_UILaunchScreen_Generation = YES;
				INFOPLIST_KEY_UISupportedInterfaceOrientations_iPad = "UIInterfaceOrientationPortrait UIInterfaceOrientationPortraitUpsideDown UIInterfaceOrientationLandscapeLeft UIInterfaceOrientationLandscapeRight";
				INFOPLIST_KEY_UISupportedInterfaceOrientations_iPhone = "UIInterfaceOrientationPortrait UIInterfaceOrientationLandscapeLeft UIInterfaceOrientationLandscapeRight";
				IPHONEOS_DEPLOYMENT_TARGET = 27.0;
				LD_RUNPATH_SEARCH_PATHS = (
					"$(inherited)",
					"@executable_path/Frameworks",
				);
				MARKETING_VERSION = 1.0;
				PRODUCT_BUNDLE_IDENTIFIER = "com.memerson.Adaptive-Fitness-Coach";
				PRODUCT_NAME = "$(TARGET_NAME)";
				SDKROOT = iphoneos;
				STRING_CATALOG_GENERATE_SYMBOLS = YES;
				SUPPORTS_MACCATALYST = NO;
				SUPPORTS_MAC_DESIGNED_FOR_IPHONE_IPAD = NO;
				SUPPORTS_XR_DESIGNED_FOR_IPHONE_IPAD = NO;
				SWIFT_APPROACHABLE_CONCURRENCY = YES;
				SWIFT_DEFAULT_ACTOR_ISOLATION = MainActor;
				SWIFT_EMIT_LOC_STRINGS = YES;
				SWIFT_UPCOMING_FEATURE_MEMBER_IMPORT_VISIBILITY = YES;
				SWIFT_VERSION = 5.0;
				TARGETED_DEVICE_FAMILY = "1,2";
			};
			name = Debug;
		};
		34704E5A2FECD82100C28688 /* Release */ = {
			isa = XCBuildConfiguration;
			buildSettings = {
				ASSETCATALOG_COMPILER_APPICON_NAME = AppIcon;
				ASSETCATALOG_COMPILER_GLOBAL_ACCENT_COLOR_NAME = AccentColor;
				CODE_SIGN_ENTITLEMENTS = "Adaptive Fitness Coach/Adaptive Fitness Coach.entitlements";
				CODE_SIGN_STYLE = Automatic;
				CURRENT_PROJECT_VERSION = 7;
				ENABLE_PREVIEWS = YES;
				GENERATE_INFOPLIST_FILE = YES;
				INFOPLIST_KEY_CFBundleDisplayName = "Adaptive Fitness Coach";
				INFOPLIST_KEY_ITSAppUsesNonExemptEncryption = NO;
				INFOPLIST_KEY_NSCalendarsFullAccessUsageDescription = "Adaptive Fitness Coach adds your scheduled runs to your calendar so they show up at the time you chose.";
				INFOPLIST_KEY_NSCameraUsageDescription = "The camera scans receipts, barcodes, and nutrition labels so meals log in seconds.";
				INFOPLIST_KEY_NSHealthShareUsageDescription = "Reads today's logged meals from Apple Health to show your daily intake.";
				INFOPLIST_KEY_NSHealthUpdateUsageDescription = "Saves meals you log to Apple Health as dietary energy and macros.";
				INFOPLIST_KEY_UIApplicationSceneManifest_Generation = YES;
				INFOPLIST_KEY_UIApplicationSupportsIndirectInputEvents = YES;
				INFOPLIST_KEY_UILaunchScreen_Generation = YES;
				INFOPLIST_KEY_UISupportedInterfaceOrientations_iPad = "UIInterfaceOrientationPortrait UIInterfaceOrientationPortraitUpsideDown UIInterfaceOrientationLandscapeLeft UIInterfaceOrientationLandscapeRight";
				INFOPLIST_KEY_UISupportedInterfaceOrientations_iPhone = "UIInterfaceOrientationPortrait UIInterfaceOrientationLandscapeLeft UIInterfaceOrientationLandscapeRight";
				IPHONEOS_DEPLOYMENT_TARGET = 27.0;
				LD_RUNPATH_SEARCH_PATHS = (
					"$(inherited)",
					"@executable_path/Frameworks",
				);
				MARKETING_VERSION = 1.0;
				PRODUCT_BUNDLE_IDENTIFIER = "com.memerson.Adaptive-Fitness-Coach";
				PRODUCT_NAME = "$(TARGET_NAME)";
				SDKROOT = iphoneos;
				STRING_CATALOG_GENERATE_SYMBOLS = YES;
				SUPPORTS_MACCATALYST = NO;
				SUPPORTS_MAC_DESIGNED_FOR_IPHONE_IPAD = NO;
				SUPPORTS_XR_DESIGNED_FOR_IPHONE_IPAD = NO;
				SWIFT_APPROACHABLE_CONCURRENCY = YES;
				SWIFT_DEFAULT_ACTOR_ISOLATION = MainActor;
				SWIFT_EMIT_LOC_STRINGS = YES;
				SWIFT_UPCOMING_FEATURE_MEMBER_IMPORT_VISIBILITY = YES;
				SWIFT_VERSION = 5.0;
				TARGETED_DEVICE_FAMILY = "1,2";
				VALIDATE_PRODUCT = YES;
			};
			name = Release;
		};
		34704E5C2FECD82100C28688 /* Debug */ = {
			isa = XCBuildConfiguration;
			buildSettings = {
				BUNDLE_LOADER = "$(TEST_HOST)";
				CODE_SIGN_STYLE = Automatic;
				CURRENT_PROJECT_VERSION = 7;
				GENERATE_INFOPLIST_FILE = YES;
				INFOPLIST_KEY_ITSAppUsesNonExemptEncryption = NO;
				IPHONEOS_DEPLOYMENT_TARGET = 27.0;
				MARKETING_VERSION = 1.0;
				PRODUCT_BUNDLE_IDENTIFIER = "com.memerson.Adaptive-Fitness-CoachTests";
				PRODUCT_NAME = "$(TARGET_NAME)";
				SDKROOT = iphoneos;
				STRING_CATALOG_GENERATE_SYMBOLS = NO;
				SWIFT_APPROACHABLE_CONCURRENCY = YES;
				SWIFT_EMIT_LOC_STRINGS = NO;
				SWIFT_UPCOMING_FEATURE_MEMBER_IMPORT_VISIBILITY = YES;
				SWIFT_VERSION = 5.0;
				TARGETED_DEVICE_FAMILY = "1,2";
				TEST_HOST = "$(BUILT_PRODUCTS_DIR)/Adaptive Fitness Coach.app/$(BUNDLE_EXECUTABLE_FOLDER_PATH)/Adaptive Fitness Coach";
			};
			name = Debug;
		};
		34704E5D2FECD82100C28688 /* Release */ = {
			isa = XCBuildConfiguration;
			buildSettings = {
				BUNDLE_LOADER = "$(TEST_HOST)";
				CODE_SIGN_STYLE = Automatic;
				CURRENT_PROJECT_VERSION = 7;
				GENERATE_INFOPLIST_FILE = YES;
				INFOPLIST_KEY_ITSAppUsesNonExemptEncryption = NO;
				IPHONEOS_DEPLOYMENT_TARGET = 27.0;
				MARKETING_VERSION = 1.0;
				PRODUCT_BUNDLE_IDENTIFIER = "com.memerson.Adaptive-Fitness-CoachTests";
				PRODUCT_NAME = "$(TARGET_NAME)";
				SDKROOT = iphoneos;
				STRING_CATALOG_GENERATE_SYMBOLS = NO;
				SWIFT_APPROACHABLE_CONCURRENCY = YES;
				SWIFT_EMIT_LOC_STRINGS = NO;
				SWIFT_UPCOMING_FEATURE_MEMBER_IMPORT_VISIBILITY = YES;
				SWIFT_VERSION = 5.0;
				TARGETED_DEVICE_FAMILY = "1,2";
				TEST_HOST = "$(BUILT_PRODUCTS_DIR)/Adaptive Fitness Coach.app/$(BUNDLE_EXECUTABLE_FOLDER_PATH)/Adaptive Fitness Coach";
				VALIDATE_PRODUCT = YES;
			};
			name = Release;
		};
		34704E5F2FECD82100C28688 /* Debug */ = {
			isa = XCBuildConfiguration;
			buildSettings = {
				CODE_SIGN_STYLE = Automatic;
				CURRENT_PROJECT_VERSION = 7;
				GENERATE_INFOPLIST_FILE = YES;
				INFOPLIST_KEY_ITSAppUsesNonExemptEncryption = NO;
				IPHONEOS_DEPLOYMENT_TARGET = 27.0;
				MARKETING_VERSION = 1.0;
				PRODUCT_BUNDLE_IDENTIFIER = "com.memerson.Adaptive-Fitness-CoachUITests";
				PRODUCT_NAME = "$(TARGET_NAME)";
				SDKROOT = iphoneos;
				STRING_CATALOG_GENERATE_SYMBOLS = NO;
				SWIFT_APPROACHABLE_CONCURRENCY = YES;
				SWIFT_EMIT_LOC_STRINGS = NO;
				SWIFT_UPCOMING_FEATURE_MEMBER_IMPORT_VISIBILITY = YES;
				SWIFT_VERSION = 5.0;
				TARGETED_DEVICE_FAMILY = "1,2";
				TEST_TARGET_NAME = "Adaptive Fitness Coach";
			};
			name = Debug;
		};
		34704E602FECD82100C28688 /* Release */ = {
			isa = XCBuildConfiguration;
			buildSettings = {
				CODE_SIGN_STYLE = Automatic;
				CURRENT_PROJECT_VERSION = 7;
				GENERATE_INFOPLIST_FILE = YES;
				INFOPLIST_KEY_ITSAppUsesNonExemptEncryption = NO;
				IPHONEOS_DEPLOYMENT_TARGET = 27.0;
				MARKETING_VERSION = 1.0;
				PRODUCT_BUNDLE_IDENTIFIER = "com.memerson.Adaptive-Fitness-CoachUITests";
				PRODUCT_NAME = "$(TARGET_NAME)";
				SDKROOT = iphoneos;
				STRING_CATALOG_GENERATE_SYMBOLS = NO;
				SWIFT_APPROACHABLE_CONCURRENCY = YES;
				SWIFT_EMIT_LOC_STRINGS = NO;
				SWIFT_UPCOMING_FEATURE_MEMBER_IMPORT_VISIBILITY = YES;
				SWIFT_VERSION = 5.0;
				TARGETED_DEVICE_FAMILY = "1,2";
				TEST_TARGET_NAME = "Adaptive Fitness Coach";
				VALIDATE_PRODUCT = YES;
			};
			name = Release;
		};
		34704E622FECD82100C28688 /* Debug */ = {
			isa = XCBuildConfiguration;
			buildSettings = {
				BUNDLE_LOADER = "$(TEST_HOST)";
				CODE_SIGN_STYLE = Automatic;
				CURRENT_PROJECT_VERSION = 7;
				GENERATE_INFOPLIST_FILE = YES;
				INFOPLIST_KEY_ITSAppUsesNonExemptEncryption = NO;
				MARKETING_VERSION = 1.0;
				PRODUCT_BUNDLE_IDENTIFIER = "com.memerson.Adaptive-Fitness-Coach-Watch-AppTests";
				PRODUCT_NAME = "$(TARGET_NAME)";
				SDKROOT = watchos;
				STRING_CATALOG_GENERATE_SYMBOLS = NO;
				SWIFT_APPROACHABLE_CONCURRENCY = YES;
				SWIFT_EMIT_LOC_STRINGS = NO;
				SWIFT_UPCOMING_FEATURE_MEMBER_IMPORT_VISIBILITY = YES;
				SWIFT_VERSION = 5.0;
				TARGETED_DEVICE_FAMILY = 4;
				TEST_HOST = "$(BUILT_PRODUCTS_DIR)/Adaptive Fitness Coach Watch App.app/$(BUNDLE_EXECUTABLE_FOLDER_PATH)/Adaptive Fitness Coach Watch App";
				WATCHOS_DEPLOYMENT_TARGET = 27.0;
			};
			name = Debug;
		};
		34704E632FECD82100C28688 /* Release */ = {
			isa = XCBuildConfiguration;
			buildSettings = {
				BUNDLE_LOADER = "$(TEST_HOST)";
				CODE_SIGN_STYLE = Automatic;
				CURRENT_PROJECT_VERSION = 7;
				GENERATE_INFOPLIST_FILE = YES;
				INFOPLIST_KEY_ITSAppUsesNonExemptEncryption = NO;
				MARKETING_VERSION = 1.0;
				PRODUCT_BUNDLE_IDENTIFIER = "com.memerson.Adaptive-Fitness-Coach-Watch-AppTests";
				PRODUCT_NAME = "$(TARGET_NAME)";
				SDKROOT = watchos;
				STRING_CATALOG_GENERATE_SYMBOLS = NO;
				SWIFT_APPROACHABLE_CONCURRENCY = YES;
				SWIFT_EMIT_LOC_STRINGS = NO;
				SWIFT_UPCOMING_FEATURE_MEMBER_IMPORT_VISIBILITY = YES;
				SWIFT_VERSION = 5.0;
				TARGETED_DEVICE_FAMILY = 4;
				TEST_HOST = "$(BUILT_PRODUCTS_DIR)/Adaptive Fitness Coach Watch App.app/$(BUNDLE_EXECUTABLE_FOLDER_PATH)/Adaptive Fitness Coach Watch App";
				VALIDATE_PRODUCT = YES;
				WATCHOS_DEPLOYMENT_TARGET = 27.0;
			};
			name = Release;
		};
		34704E652FECD82100C28688 /* Debug */ = {
			isa = XCBuildConfiguration;
			buildSettings = {
				CODE_SIGN_STYLE = Automatic;
				CURRENT_PROJECT_VERSION = 7;
				GENERATE_INFOPLIST_FILE = YES;
				INFOPLIST_KEY_ITSAppUsesNonExemptEncryption = NO;
				MARKETING_VERSION = 1.0;
				PRODUCT_BUNDLE_IDENTIFIER = "com.memerson.Adaptive-Fitness-Coach-Watch-AppUITests";
				PRODUCT_NAME = "$(TARGET_NAME)";
				SDKROOT = watchos;
				STRING_CATALOG_GENERATE_SYMBOLS = NO;
				SWIFT_APPROACHABLE_CONCURRENCY = YES;
				SWIFT_EMIT_LOC_STRINGS = NO;
				SWIFT_UPCOMING_FEATURE_MEMBER_IMPORT_VISIBILITY = YES;
				SWIFT_VERSION = 5.0;
				TARGETED_DEVICE_FAMILY = 4;
				TEST_TARGET_NAME = "Adaptive Fitness Coach Watch App";
				WATCHOS_DEPLOYMENT_TARGET = 27.0;
			};
			name = Debug;
		};
		34704E662FECD82100C28688 /* Release */ = {
			isa = XCBuildConfiguration;
			buildSettings = {
				CODE_SIGN_STYLE = Automatic;
				CURRENT_PROJECT_VERSION = 7;
				GENERATE_INFOPLIST_FILE = YES;
				INFOPLIST_KEY_ITSAppUsesNonExemptEncryption = NO;
				MARKETING_VERSION = 1.0;
				PRODUCT_BUNDLE_IDENTIFIER = "com.memerson.Adaptive-Fitness-Coach-Watch-AppUITests";
				PRODUCT_NAME = "$(TARGET_NAME)";
				SDKROOT = watchos;
				STRING_CATALOG_GENERATE_SYMBOLS = NO;
				SWIFT_APPROACHABLE_CONCURRENCY = YES;
				SWIFT_EMIT_LOC_STRINGS = NO;
				SWIFT_UPCOMING_FEATURE_MEMBER_IMPORT_VISIBILITY = YES;
				SWIFT_VERSION = 5.0;
				TARGETED_DEVICE_FAMILY = 4;
				TEST_TARGET_NAME = "Adaptive Fitness Coach Watch App";
				VALIDATE_PRODUCT = YES;
				WATCHOS_DEPLOYMENT_TARGET = 27.0;
			};
			name = Release;
		};
/* End XCBuildConfiguration section */

/* Begin XCConfigurationList section */
		34704E092FECD81F00C28688 /* Build configuration list for PBXProject "Adaptive Fitness Coach" */ = {
			isa = XCConfigurationList;
			buildConfigurations = (
				34704E522FECD82100C28688 /* Debug */,
				34704E532FECD82100C28688 /* Release */,
			);
			defaultConfigurationIsVisible = 0;
			defaultConfigurationName = Release;
		};
		34704E542FECD82100C28688 /* Build configuration list for PBXNativeTarget "Adaptive Fitness Coach Watch App" */ = {
			isa = XCConfigurationList;
			buildConfigurations = (
				34704E552FECD82100C28688 /* Debug */,
				34704E562FECD82100C28688 /* Release */,
			);
			defaultConfigurationIsVisible = 0;
			defaultConfigurationName = Release;
		};
		34704E582FECD82100C28688 /* Build configuration list for PBXNativeTarget "Adaptive Fitness Coach" */ = {
			isa = XCConfigurationList;
			buildConfigurations = (
				34704E592FECD82100C28688 /* Debug */,
				34704E5A2FECD82100C28688 /* Release */,
			);
			defaultConfigurationIsVisible = 0;
			defaultConfigurationName = Release;
		};
		34704E5B2FECD82100C28688 /* Build configuration list for PBXNativeTarget "Adaptive Fitness CoachTests" */ = {
			isa = XCConfigurationList;
			buildConfigurations = (
				34704E5C2FECD82100C28688 /* Debug */,
				34704E5D2FECD82100C28688 /* Release */,
			);
			defaultConfigurationIsVisible = 0;
			defaultConfigurationName = Release;
		};
		34704E5E2FECD82100C28688 /* Build configuration list for PBXNativeTarget "Adaptive Fitness CoachUITests" */ = {
			isa = XCConfigurationList;
			buildConfigurations = (
				34704E5F2FECD82100C28688 /* Debug */,
				34704E602FECD82100C28688 /* Release */,
			);
			defaultConfigurationIsVisible = 0;
			defaultConfigurationName = Release;
		};
		34704E612FECD82100C28688 /* Build configuration list for PBXNativeTarget "Adaptive Fitness Coach Watch AppTests" */ = {
			isa = XCConfigurationList;
			buildConfigurations = (
				34704E622FECD82100C28688 /* Debug */,
				34704E632FECD82100C28688 /* Release */,
			);
			defaultConfigurationIsVisible = 0;
			defaultConfigurationName = Release;
		};
		34704E642FECD82100C28688 /* Build configuration list for PBXNativeTarget "Adaptive Fitness Coach Watch AppUITests" */ = {
			isa = XCConfigurationList;
			buildConfigurations = (
				34704E652FECD82100C28688 /* Debug */,
				34704E662FECD82100C28688 /* Release */,
			);
			defaultConfigurationIsVisible = 0;
			defaultConfigurationName = Release;
		};
/* End XCConfigurationList section */

/* Begin XCLocalSwiftPackageReference section */
		FACE000000000000000000A1 /* XCLocalSwiftPackageReference "AdaptiveCore" */ = {
			isa = XCLocalSwiftPackageReference;
			relativePath = AdaptiveCore;
		};
/* End XCLocalSwiftPackageReference section */

/* Begin XCRemoteSwiftPackageReference section */
		FACE000000000000000000A2 /* XCRemoteSwiftPackageReference "SwiftSoup" */ = {
			isa = XCRemoteSwiftPackageReference;
			repositoryURL = "https://github.com/scinfu/SwiftSoup.git";
			requirement = {
				kind = exactVersion;
				version = 2.11.3;
			};
		};
/* End XCRemoteSwiftPackageReference section */

/* Begin XCSwiftPackageProductDependency section */
		FACE000000000000000000B1 /* AdaptiveCore */ = {
			isa = XCSwiftPackageProductDependency;
			productName = AdaptiveCore;
		};
		FACE000000000000000000B2 /* AdaptiveCore */ = {
			isa = XCSwiftPackageProductDependency;
			productName = AdaptiveCore;
		};
		FACE000000000000000000B3 /* SwiftSoup */ = {
			isa = XCSwiftPackageProductDependency;
			package = FACE000000000000000000A2 /* XCRemoteSwiftPackageReference "SwiftSoup" */;
			productName = SwiftSoup;
		};
/* End XCSwiftPackageProductDependency section */
	};
	rootObject = 34704E062FECD81F00C28688 /* Project object */;
}
